// !$*UTF8*$!
{
	archiveVersion = 1;
	classes = {
	};
	objectVersion = 46;
	objects = {

/* Begin PBXBuildFile section */
		EB56D2391DF5EAD000C0563F /* AppDelegate.swift in Sources */ = {isa = PBXBuildFile; fileRef = EB56D2381DF5EAD000C0563F /* AppDelegate.swift */; };
		EB56D23B1DF5EAD000C0563F /* ViewController.swift in Sources */ = {isa = PBXBuildFile; fileRef = EB56D23A1DF5EAD000C0563F /* ViewController.swift */; };
		EB56D23E1DF5EAD000C0563F /* Main.storyboard in Resources */ = {isa = PBXBuildFile; fileRef = EB56D23C1DF5EAD000C0563F /* Main.storyboard */; };
		EB56D2401DF5EAD000C0563F /* Assets.xcassets in Resources */ = {isa = PBXBuildFile; fileRef = EB56D23F1DF5EAD000C0563F /* Assets.xcassets */; };
		EB56D2431DF5EAD000C0563F /* LaunchScreen.storyboard in Resources */ = {isa = PBXBuildFile; fileRef = EB56D2411DF5EAD000C0563F /* LaunchScreen.storyboard */; };
		EB56D24B1DF5FBE700C0563F /* model.swift in Sources */ = {isa = PBXBuildFile; fileRef = EB56D24A1DF5FBE700C0563F /* model.swift */; };
/* End PBXBuildFile section */

/* Begin PBXFileReference section */
		EB56D2351DF5EAD000C0563F /* GitMaster.app */ = {isa = PBXFileReference; explicitFileType = wrapper.application; includeInIndex = 0; path = GitMaster.app; sourceTree = BUILT_PRODUCTS_DIR; };
		EB56D2381DF5EAD000C0563F /* AppDelegate.swift */ = {isa = PBXFileReference; lastKnownFileType = sourcecode.swift; path = AppDelegate.swift; sourceTree = "<group>"; };
		EB56D23A1DF5EAD000C0563F /* ViewController.swift */ = {isa = PBXFileReference; lastKnownFileType = sourcecode.swift; path = ViewController.swift; sourceTree = "<group>"; };
		EB56D23D1DF5EAD000C0563F /* Base */ = {isa = PBXFileReference; lastKnownFileType = file.storyboard; name = Base; path = Base.lproj/Main.storyboard; sourceTree = "<group>"; };
		EB56D23F1DF5EAD000C0563F /* Assets.xcassets */ = {isa = PBXFileReference; lastKnownFileType = folder.assetcatalog; path = Assets.xcassets; sourceTree = "<group>"; };
		EB56D2421DF5EAD000C0563F /* Base */ = {isa = PBXFileReference; lastKnownFileType = file.storyboard; name = Base; path = Base.lproj/LaunchScreen.storyboard; sourceTree = "<group>"; };
		EB56D2441DF5EAD000C0563F /* Info.plist */ = {isa = PBXFileReference; lastKnownFileType = text.plist.xml; path = Info.plist; sourceTree = "<group>"; };
		EB56D24A1DF5FBE700C0563F /* model.swift */ = {isa = PBXFileReference; fileEncoding = 4; lastKnownFileType = sourcecode.swift; path = model.swift; sourceTree = "<group>"; };
/* End PBXFileReference section */

/* Begin PBXFrameworksBuildPhase section */
		EB56D2321DF5EAD000C0563F /* Frameworks */ = {
			isa = PBXFrameworksBuildPhase;
			buildActionMask = 2147483647;
			files = (
			);
			runOnlyForDeploymentPostprocessing = 0;
		};
/* End PBXFrameworksBuildPhase section */

/* Begin PBXGroup section */
		EB56D22C1DF5EAD000C0563F = {
			isa = PBXGroup;
			children = (
				EB56D2371DF5EAD000C0563F /* GitMaster */,
				EB56D2361DF5EAD000C0563F /* Products */,
			);
			sourceTree = "<group>";
		};
		EB56D2361DF5EAD000C0563F /* Products */ = {
			isa = PBXGroup;
			children = (
				EB56D2351DF5EAD000C0563F /* GitMaster.app */,
			);
			name = Products;
			sourceTree = "<group>";
		};
		EB56D2371DF5EAD000C0563F /* GitMaster */ = {
			isa = PBXGroup;
			children = (
				EB56D2381DF5EAD000C0563F /* AppDelegate.swift */,
				EB56D23A1DF5EAD000C0563F /* ViewController.swift */,
				EB56D23C1DF5EAD000C0563F /* Main.storyboard */,
				EB56D23F1DF5EAD000C0563F /* Assets.xcassets */,
				EB56D2411DF5EAD000C0563F /* LaunchScreen.storyboard */,
				EB56D2441DF5EAD000C0563F /* Info.plist */,
				EB56D24A1DF5FBE700C0563F /* model.swift */,
			);
			path = GitMaster;
			sourceTree = "<group>";
		};
/* End PBXGroup section */

/* Begin PBXNativeTarget section */
		EB56D2341DF5EAD000C0563F /* GitMaster */ = {
			isa = PBXNativeTarget;
			buildConfigurationList = EB56D2471DF5EAD000C0563F /* Build configuration list for PBXNativeTarget "GitMaster" */;
			buildPhases = (
				EB56D2311DF5EAD000C0563F /* Sources */,
				EB56D2321DF5EAD000C0563F /* Frameworks */,
				EB56D2331DF5EAD000C0563F /* Resources */,
			);
			buildRules = (
			);
			dependencies = (
			);
			name = GitMaster;
			productName = GitMaster;
			productReference = EB56D2351DF5EAD000C0563F /* GitMaster.app */;
			productType = "com.apple.product-type.application";
		};
/* End PBXNativeTarget section */

/* Begin PBXProject section */
		EB56D22D1DF5EAD000C0563F /* Project object */ = {
			isa = PBXProject;
			attributes = {
				LastSwiftUpdateCheck = 0810;
				LastUpgradeCheck = 0810;
				ORGANIZATIONNAME = "Kelly McNevin";
				TargetAttributes = {
					EB56D2341DF5EAD000C0563F = {
						CreatedOnToolsVersion = 8.1;
						ProvisioningStyle = Automatic;
					};
				};
			};
			buildConfigurationList = EB56D2301DF5EAD000C0563F /* Build configuration list for PBXProject "GitMaster" */;
			compatibilityVersion = "Xcode 3.2";
			developmentRegion = English;
			hasScannedForEncodings = 0;
			knownRegions = (
				en,
				Base,
			);
			mainGroup = EB56D22C1DF5EAD000C0563F;
			productRefGroup = EB56D2361DF5EAD000C0563F /* Products */;
			projectDirPath = "";
			projectRoot = "";
			targets = (
				EB56D2341DF5EAD000C0563F /* GitMaster */,
			);
		};
/* End PBXProject section */

/* Begin PBXResourcesBuildPhase section */
		EB56D2331DF5EAD000C0563F /* Resources */ = {
			isa = PBXResourcesBuildPhase;
			buildActionMask = 2147483647;
			files = (
				EB56D2431DF5EAD000C0563F /* LaunchScreen.storyboard in Resources */,
				EB56D2401DF5EAD000C0563F /* Assets.xcassets in Resources */,
				EB56D23E1DF5EAD000C0563F /* Main.storyboard in Resources */,
			);
			runOnlyForDeploymentPostprocessing = 0;
		};
/* End PBXResourcesBuildPhase section */

/* Begin PBXSourcesBuildPhase section */
		EB56D2311DF5EAD000C0563F /* Sources */ = {
			isa = PBXSourcesBuildPhase;
			buildActionMask = 2147483647;
			files = (
				EB56D23B1DF5EAD000C0563F /* ViewController.swift in Sources */,
				EB56D24B1DF5FBE700C0563F /* model.swift in Sources */,
				EB56D2391DF5EAD000C0563F /* AppDelegate.swift in Sources */,
			);
			runOnlyForDeploymentPostprocessing = 0;
		};
/* End PBXSourcesBuildPhase section */

/* Begin PBXVariantGroup section */
		EB56D23C1DF5EAD000C0563F /* Main.storyboard */ = {
			isa = PBXVariantGroup;
			children = (
				EB56D23D1DF5EAD000C0563F /* Base */,
			);
			name = Main.storyboard;
			sourceTree = "<group>";
		};
		EB56D2411DF5EAD000C0563F /* LaunchScreen.storyboard */ = {
			isa = PBXVariantGroup;
			children = (
				EB56D2421DF5EAD000C0563F /* Base */,
			);
			name = LaunchScreen.storyboard;
			sourceTree = "<group>";
		};
/* End PBXVariantGroup section */

/* Begin XCBuildConfiguration section */
		EB56D2451DF5EAD000C0563F /* Debug */ = {
			isa = XCBuildConfiguration;
			buildSettings = {
				ALWAYS_SEARCH_USER_PATHS = NO;
				CLANG_ANALYZER_NONNULL = YES;
				CLANG_CXX_LANGUAGE_STANDARD = "gnu++0x";
				CLANG_CXX_LIBRARY = "libc++";
				CLANG_ENABLE_MODULES = YES;
				CLANG_ENABLE_OBJC_ARC = YES;
				CLANG_WARN_BOOL_CONVERSION = YES;
				CLANG_WARN_CONSTANT_CONVERSION = YES;
				CLANG_WARN_DIRECT_OBJC_ISA_USAGE = YES_ERROR;
				CLANG_WARN_DOCUMENTATION_COMMENTS = YES;
				CLANG_WARN_EMPTY_BODY = YES;
				CLANG_WARN_ENUM_CONVERSION = YES;
				CLANG_WARN_INFINITE_RECURSION = YES;
				CLANG_WARN_INT_CONVERSION = YES;
				CLANG_WARN_OBJC_ROOT_CLASS = YES_ERROR;
				CLANG_WARN_SUSPICIOUS_MOVES = YES;
				CLANG_WARN_UNREACHABLE_CODE = YES;
				CLANG_WARN__DUPLICATE_METHOD_MATCH = YES;
				"CODE_SIGN_IDENTITY[sdk=iphoneos*]" = "iPhone Developer";
				COPY_PHASE_STRIP = NO;
				DEBUG_INFORMATION_FORMAT = dwarf;
				ENABLE_STRICT_OBJC_MSGSEND = YES;
				ENABLE_TESTABILITY = YES;
				GCC_C_LANGUAGE_STANDARD = gnu99;
				GCC_DYNAMIC_NO_PIC = NO;
				GCC_NO_COMMON_BLOCKS = YES;
				GCC_OPTIMIZATION_LEVEL = 0;
				GCC_PREPROCESSOR_DEFINITIONS = (
					"DEBUG=1",
					"$(inherited)",
				);
				GCC_WARN_64_TO_32_BIT_CONVERSION = YES;
				GCC_WARN_ABOUT_RETURN_TYPE = YES_ERROR;
				GCC_WARN_UNDECLARED_SELECTOR = YES;
				GCC_WARN_UNINITIALIZED_AUTOS = YES_AGGRESSIVE;
				GCC_WARN_UNUSED_FUNCTION = YES;
				GCC_WARN_UNUSED_VARIABLE = YES;
				IPHONEOS_DEPLOYMENT_TARGET = 10.1;
				MTL_ENABLE_DEBUG_INFO = YES;
				ONLY_ACTIVE_ARCH = YES;
				SDKROOT = iphoneos;
				SWIFT_ACTIVE_COMPILATION_CONDITIONS = DEBUG;
				SWIFT_OPTIMIZATION_LEVEL = "-Onone";
				TARGETED_DEVICE_FAMILY = "1,2";
			};
			name = Debug;
		};
		EB56D2461DF5EAD000C0563F /* Release */ = {
			isa = XCBuildConfiguration;
			buildSettings = {
				ALWAYS_SEARCH_USER_PATHS = NO;
				CLANG_ANALYZER_NONNULL = YES;
				CLANG_CXX_LANGUAGE_STANDARD = "gnu++0x";
				CLANG_CXX_LIBRARY = "libc++";
				CLANG_ENABLE_MODULES = YES;
				CLANG_ENABLE_OBJC_ARC = YES;
				CLANG_WARN_BOOL_CONVERSION = YES;
				CLANG_WARN_CONSTANT_CONVERSION = YES;
				CLANG_WARN_DIRECT_OBJC_ISA_USAGE = YES_ERROR;
				CLANG_WARN_DOCUMENTATION_COMMENTS = YES;
				CLANG_WARN_EMPTY_BODY = YES;
				CLANG_WARN_ENUM_CONVERSION = YES;
				CLANG_WARN_INFINITE_RECURSION = YES;
				CLANG_WARN_INT_CONVERSION = YES;
				CLANG_WARN_OBJC_ROOT_CLASS = YES_ERROR;
				CLANG_WARN_SUSPICIOUS_MOVES = YES;
				CLANG_WARN_UNREACHABLE_CODE = YES;
				CLANG_WARN__DUPLICATE_METHOD_MATCH = YES;
				"CODE_SIGN_IDENTITY[sdk=iphoneos*]" = "iPhone Developer";
				COPY_PHASE_STRIP = NO;
				DEBUG_INFORMATION_FORMAT = "dwarf-with-dsym";
				ENABLE_NS_ASSERTIONS = NO;
				ENABLE_STRICT_OBJC_MSGSEND = YES;
				GCC_C_LANGUAGE_STANDARD = gnu99;
				GCC_NO_COMMON_BLOCKS = YES;
				GCC_WARN_64_TO_32_BIT_CONVERSION = YES;
				GCC_WARN_ABOUT_RETURN_TYPE = YES_ERROR;
				GCC_WARN_UNDECLARED_SELECTOR = YES;
				GCC_WARN_UNINITIALIZED_AUTOS = YES_AGGRESSIVE;
				GCC_WARN_UNUSED_FUNCTION = YES;
				GCC_WARN_UNUSED_VARIABLE = YES;
				IPHONEOS_DEPLOYMENT_TARGET = 10.1;
				MTL_ENABLE_DEBUG_INFO = NO;
				SDKROOT = iphoneos;
				SWIFT_OPTIMIZATION_LEVEL = "-Owholemodule";
				TARGETED_DEVICE_FAMILY = "1,2";
				VALIDATE_PRODUCT = YES;
			};
			name = Release;
		};
		EB56D2481DF5EAD000C0563F /* Debug */ = {
			isa = XCBuildConfiguration;
			buildSettings = {
				ASSETCATALOG_COMPILER_APPICON_NAME = AppIcon;
				INFOPLIST_FILE = GitMaster/Info.plist;
				LD_RUNPATH_SEARCH_PATHS = "$(inherited) @executable_path/Frameworks";
				PRODUCT_BUNDLE_IDENTIFIER = com.example.GitMaster;
				PRODUCT_NAME = "$(TARGET_NAME)";
				SWIFT_VERSION = 3.0;
			};
			name = Debug;
		};
		EB56D2491DF5EAD000C0563F /* Release */ = {
			isa = XCBuildConfiguration;
			buildSettings = {
				ASSETCATALOG_COMPILER_APPICON_NAME = AppIcon;
				INFOPLIST_FILE = GitMaster/Info.plist;
				LD_RUNPATH_SEARCH_PATHS = "$(inherited) @executable_path/Frameworks";
				PRODUCT_BUNDLE_IDENTIFIER = com.example.GitMaster;
				PRODUCT_NAME = "$(TARGET_NAME)";
				SWIFT_VERSION = 3.0;
			};
			name = Release;
		};
/* End XCBuildConfiguration section */

/* Begin XCConfigurationList section */
		EB56D2301DF5EAD000C0563F /* Build configuration list for PBXProject "GitMaster" */ = {
			isa = XCConfigurationList;
			buildConfigurations = (
				EB56D2451DF5EAD000C0563F /* Debug */,
				EB56D2461DF5EAD000C0563F /* Release */,
			);
			defaultConfigurationIsVisible = 0;
			defaultConfigurationName = Release;
		};
		EB56D2471DF5EAD000C0563F /* Build configuration list for PBXNativeTarget "GitMaster" */ = {
			isa = XCConfigurationList;
			buildConfigurations = (
				EB56D2481DF5EAD000C0563F /* Debug */,
				EB56D2491DF5EAD000C0563F /* Release */,
			);
			defaultConfigurationIsVisible = 0;
		};
/* End XCConfigurationList section */
	};
	rootObject = EB56D22D1DF5EAD000C0563F /* Project object */;
}
